
Microsoft Visual Studio Solution File, Format Version 12.00
# Visual Studio Version 17
VisualStudioVersion = 17.14.36109.1
MinimumVisualStudioVersion = 10.0.40219.1
Project("{FAE04EC0-301F-11D3-BF4B-00C04F79EFBC}") = "Producer", "Producer\Producer.csproj", "{ADAF293F-C5F5-4B83-BE0D-1CB562E8BA21}"
EndProject
Project("{FAE04EC0-301F-11D3-BF4B-00C04F79EFBC}") = "Consumer", "Consumer\Consumer.csproj", "{F239540B-555D-4094-97D1-76A06ABC9A28}"
EndProject
Project("{FAE04EC0-301F-11D3-BF4B-00C04F79EFBC}") = "Gestao_app", "Gestao_app\Gestao_app.csproj", "{0E120B5D-4612-4F97-A4B0-5098499548E0}"
EndProject
Global
	GlobalSection(SolutionConfigurationPlatforms) = preSolution
		Debug|Any CPU = Debug|Any CPU
		Release|Any CPU = Release|Any CPU
	EndGlobalSection
	GlobalSection(ProjectConfigurationPlatforms) = postSolution
		{ADAF293F-C5F5-4B83-BE0D-1CB562E8BA21}.Debug|Any CPU.ActiveCfg = Debug|Any CPU
		{ADAF293F-C5F5-4B83-BE0D-1CB562E8BA21}.Debug|Any CPU.Build.0 = Debug|Any CPU
		{ADAF293F-C5F5-4B83-BE0D-1CB562E8BA21}.Release|Any CPU.ActiveCfg = Release|Any CPU
		{ADAF293F-C5F5-4B83-BE0D-1CB562E8BA21}.Release|Any CPU.Build.0 = Release|Any CPU
		{F239540B-555D-4094-97D1-76A06ABC9A28}.Debug|Any CPU.ActiveCfg = Debug|Any CPU
		{F239540B-555D-4094-97D1-76A06ABC9A28}.Debug|Any CPU.Build.0 = Debug|Any CPU
		{F239540B-555D-4094-97D1-76A06ABC9A28}.Release|Any CPU.ActiveCfg = Release|Any CPU
		{F239540B-555D-4094-97D1-76A06ABC9A28}.Release|Any CPU.Build.0 = Release|Any CPU
		{0E120B5D-4612-4F97-A4B0-5098499548E0}.Debug|Any CPU.ActiveCfg = Debug|Any CPU
		{0E120B5D-4612-4F97-A4B0-5098499548E0}.Debug|Any CPU.Build.0 = Debug|Any CPU
		{0E120B5D-4612-4F97-A4B0-5098499548E0}.Release|Any CPU.ActiveCfg = Release|Any CPU
		{0E120B5D-4612-4F97-A4B0-5098499548E0}.Release|Any CPU.Build.0 = Release|Any CPU
	EndGlobalSection
	GlobalSection(SolutionProperties) = preSolution
		HideSolutionNode = FALSE
	EndGlobalSection
	GlobalSection(ExtensibilityGlobals) = postSolution
		SolutionGuid = {54A34C8F-5553-4026-B288-C3216E5389CB}
	EndGlobalSection
EndGlobal
